Microsoft Visual Studio Solution File, Format Version 12.00
# Visual Studio Version 17
VisualStudioVersion = 17.5.2.0
MinimumVisualStudioVersion = 10.0.40219.1
Project("{FAE04EC0-301F-11D3-BF4B-00C04F79EFBC}") = "semana-7-vitudnz-2", "semana-7-vitudnz-2.csproj", "{1A00215B-2C0E-C34E-F98E-AA91D5DFF68E}"
EndProject
Global
	GlobalSection(SolutionConfigurationPlatforms) = preSolution
		Debug|Any CPU = Debug|Any CPU
		Release|Any CPU = Release|Any CPU
	EndGlobalSection
	GlobalSection(ProjectConfigurationPlatforms) = postSolution
		{1A00215B-2C0E-C34E-F98E-AA91D5DFF68E}.Debug|Any CPU.ActiveCfg = Debug|Any CPU
		{1A00215B-2C0E-C34E-F98E-AA91D5DFF68E}.Debug|Any CPU.Build.0 = Debug|Any CPU
		{1A00215B-2C0E-C34E-F98E-AA91D5DFF68E}.Release|Any CPU.ActiveCfg = Release|Any CPU
		{1A00215B-2C0E-C34E-F98E-AA91D5DFF68E}.Release|Any CPU.Build.0 = Release|Any CPU
	EndGlobalSection
	GlobalSection(SolutionProperties) = preSolution
		HideSolutionNode = FALSE
	EndGlobalSection
	GlobalSection(ExtensibilityGlobals) = postSolution
		SolutionGuid = {F112838E-F455-4154-8AA0-8F17F7B6E7C0}
	EndGlobalSection
EndGlobal
